{
  "name": "mobile-app-ux-auditor-skill",
  "version": "0.2.0",
  "lockfileVersion": 3,
  "requires": true,
  "packages": {
    "": {
      "name": "mobile-app-ux-auditor-skill",
      "version": "0.2.0",
      "license": "MIT",
      "bin": {
        "mobile-app-ux-auditor": "bin/install.js",
        "mobile-app-ux-auditor-skill": "bin/install.js"
      },
      "engines": {
        "node": ">=20.18.1"
      }
    }
  }
}
